
Microsoft Visual Studio Solution File, Format Version 12.00
# Visual Studio Version 17
VisualStudioVersion = 17.14.36109.1 d17.14
MinimumVisualStudioVersion = 10.0.40219.1
Project("{FAE04EC0-301F-11D3-BF4B-00C04F79EFBC}") = "Aula 9", "Aula 9\Aula 9.csproj", "{700EF0C7-5629-42AC-A2B6-B11EDAB065D7}"
EndProject
Global
	GlobalSection(SolutionConfigurationPlatforms) = preSolution
		Debug|Any CPU = Debug|Any CPU
		Release|Any CPU = Release|Any CPU
	EndGlobalSection
	GlobalSection(ProjectConfigurationPlatforms) = postSolution
		{700EF0C7-5629-42AC-A2B6-B11EDAB065D7}.Debug|Any CPU.ActiveCfg = Debug|Any CPU
		{700EF0C7-5629-42AC-A2B6-B11EDAB065D7}.Debug|Any CPU.Build.0 = Debug|Any CPU
		{700EF0C7-5629-42AC-A2B6-B11EDAB065D7}.Release|Any CPU.ActiveCfg = Release|Any CPU
		{700EF0C7-5629-42AC-A2B6-B11EDAB065D7}.Release|Any CPU.Build.0 = Release|Any CPU
	EndGlobalSection
	GlobalSection(SolutionProperties) = preSolution
		HideSolutionNode = FALSE
	EndGlobalSection
	GlobalSection(ExtensibilityGlobals) = postSolution
		SolutionGuid = {C9D6575E-BDCB-4C50-A05A-40A376565D16}
	EndGlobalSection
EndGlobal
